{
  "name": "charGPT-wx",
  "lockfileVersion": 3,
  "requires": true,
  "packages": {
    "": {
      "dependencies": {
        "easy-typer-js": "^2.1.0"
      }
    },
    "node_modules/easy-typer-js": {
      "version": "2.1.0",
      "resolved": "https://registry.npmmirror.com/easy-typer-js/-/easy-typer-js-2.1.0.tgz",
      "integrity": "sha512-P1G1oPO26lPfuPdaS3KyywFc36HRVKBJvzxJiOMbn5+Z3n9JLzhTT4cJK121mnjujyOWQiRla4ikHZQHPcoa/g=="
    }
  }
}
